<?xml version="1.0" encoding="utf-8"?>
<Project ToolsVersion="4.0" xmlns="http://schemas.microsoft.com/developer/msbuild/2003">
  <ItemGroup>
    <Filter Include="Reality">
      <UniqueIdentifier>{9F6A989E-0B4A-173A-1462-A21080C07D9B}</UniqueIdentifier>
    </Filter>
  </ItemGroup>
  <ItemGroup>
    <ClInclude Include="src\Reality.h" />
    <ClInclude Include="src\Reality\Application.h">
      <Filter>Reality</Filter>
    </ClInclude>
    <ClInclude Include="src\Reality\Core.h">
      <Filter>Reality</Filter>
    </ClInclude>
    <ClInclude Include="src\Reality\EntryPoint.h">
      <Filter>Reality</Filter>
    </ClInclude>
    <ClInclude Include="src\Reality\Log.h">
      <Filter>Reality</Filter>
    </ClInclude>
  </ItemGroup>
  <ItemGroup>
    <ClCompile Include="src\Reality\Application.cpp">
      <Filter>Reality</Filter>
    </ClCompile>
    <ClCompile Include="src\Reality\Log.cpp">
      <Filter>Reality</Filter>
    </ClCompile>
  </ItemGroup>
</Project>